<?xml version="1.0" encoding="utf-8"?>
<Project ToolsVersion="4.0" xmlns="http://schemas.microsoft.com/developer/msbuild/2003">
  <ItemGroup>
    <ClCompile Include="Mainer.cpp" />
    <ClCompile Include="MyGLWindow.cpp" />
    <ClCompile Include="ShapeGenerator.cpp" />
    <ClCompile Include="Camera.cpp" />
    <ClCompile Include="OBJLoader.cpp" />
    <ClCompile Include="GLHelper.cpp" />
  </ItemGroup>
  <ItemGroup>
    <ClInclude Include="MyGLWindow.h" />
    <ClInclude Include="Vertex.h" />
    <ClInclude Include="ShapeData.h" />
    <ClInclude Include="ShapeGenerator.h" />
    <ClInclude Include="Camera.h" />
    <ClInclude Include="Cubemap.h" />
    <ClInclude Include="Framebuffer.h" />
    <ClInclude Include="Light.h" />
    <ClInclude Include="Material.h" />
    <ClInclude Include="OBJLoader.h" />
    <ClInclude Include="Renderable.h" />
    <ClInclude Include="Scene.h" />
    <ClInclude Include="Texture.h" />
    <ClInclude Include="global.h" />
    <ClInclude Include="GLHelper.h" />
  </ItemGroup>
  <ItemGroup>
    <Text Include="VertexShader.glsl" />
    <Text Include="FragmentShader.glsl" />
  </ItemGroup>
</Project>